
Microsoft Visual Studio Solution File, Format Version 12.00
# Visual Studio Version 16
VisualStudioVersion = 16.0.30804.86
MinimumVisualStudioVersion = 10.0.40219.1
Project("{9A19103F-16F7-4668-BE54-9A1E7A4F7556}") = "SuperCompose", ".\SuperCompose\SuperCompose.csproj", "{8F148CD2-4BEE-464F-AB00-9E60FD32E0A8}"
EndProject
Project("{FAE04EC0-301F-11D3-BF4B-00C04F79EFBC}") = "Tests", ".\Tests\Tests.csproj", "{47ABB5DA-6925-411F-8E62-1A06EC7F6C2C}"
EndProject
Global
	GlobalSection(SolutionConfigurationPlatforms) = preSolution
		Debug|Any CPU = Debug|Any CPU
		Release|Any CPU = Release|Any CPU
	EndGlobalSection
	GlobalSection(ProjectConfigurationPlatforms) = postSolution
		{8F148CD2-4BEE-464F-AB00-9E60FD32E0A8}.Debug|Any CPU.ActiveCfg = Debug|Any CPU
		{8F148CD2-4BEE-464F-AB00-9E60FD32E0A8}.Debug|Any CPU.Build.0 = Debug|Any CPU
		{8F148CD2-4BEE-464F-AB00-9E60FD32E0A8}.Release|Any CPU.ActiveCfg = Release|Any CPU
		{8F148CD2-4BEE-464F-AB00-9E60FD32E0A8}.Release|Any CPU.Build.0 = Release|Any CPU
		{47ABB5DA-6925-411F-8E62-1A06EC7F6C2C}.Debug|Any CPU.ActiveCfg = Debug|Any CPU
		{47ABB5DA-6925-411F-8E62-1A06EC7F6C2C}.Debug|Any CPU.Build.0 = Debug|Any CPU
		{47ABB5DA-6925-411F-8E62-1A06EC7F6C2C}.Release|Any CPU.ActiveCfg = Release|Any CPU
		{47ABB5DA-6925-411F-8E62-1A06EC7F6C2C}.Release|Any CPU.Build.0 = Release|Any CPU
	EndGlobalSection
	GlobalSection(SolutionProperties) = preSolution
		HideSolutionNode = FALSE
	EndGlobalSection
	GlobalSection(ExtensibilityGlobals) = postSolution
		SolutionGuid = {956931AA-A687-4E6F-A888-6700C9A047CC}
	EndGlobalSection
EndGlobal
